<?xml version="1.0" encoding="utf-8"?>
<Project ToolsVersion="4.0" xmlns="http://schemas.microsoft.com/developer/msbuild/2003">
  <ItemGroup>
    <Filter Include="Source Files">
      <UniqueIdentifier>{60c04479-bfbd-406f-afcf-bf04aabb8989}</UniqueIdentifier>
      <Extensions>c</Extensions>
    </Filter>
    <Filter Include="Header Files">
      <UniqueIdentifier>{c22095a5-a969-480a-a914-30138ba7a990}</UniqueIdentifier>
      <Extensions>h</Extensions>
    </Filter>
  </ItemGroup>
  <ItemGroup>
    <ClCompile Include="..\game\bg_animation.cc">
      <Filter>Source Files</Filter>
    </ClCompile>
    <ClCompile Include="..\game\bg_misc.cc">
      <Filter>Source Files</Filter>
    </ClCompile>
    <ClCompile Include="..\game\bg_pmove.cc">
      <Filter>Source Files</Filter>
    </ClCompile>
    <ClCompile Include="..\game\bg_slidemove.cc">
      <Filter>Source Files</Filter>
    </ClCompile>
    <ClCompile Include="cg_consolecmds.cc">
      <Filter>Source Files</Filter>
    </ClCompile>
    <ClCompile Include="cg_draw.cc">
      <Filter>Source Files</Filter>
    </ClCompile>
    <ClCompile Include="cg_drawtools.cc">
      <Filter>Source Files</Filter>
    </ClCompile>
    <ClCompile Include="cg_effects.cc">
      <Filter>Source Files</Filter>
    </ClCompile>
    <ClCompile Include="cg_ents.cc">
      <Filter>Source Files</Filter>
    </ClCompile>
    <ClCompile Include="cg_event.cc">
      <Filter>Source Files</Filter>
    </ClCompile>
    <ClCompile Include="cg_flamethrower.cc">
      <Filter>Source Files</Filter>
    </ClCompile>
    <ClCompile Include="cg_info.cc">
      <Filter>Source Files</Filter>
    </ClCompile>
    <ClCompile Include="cg_localents.cc">
      <Filter>Source Files</Filter>
    </ClCompile>
    <ClCompile Include="cg_main.cc">
      <Filter>Source Files</Filter>
    </ClCompile>
    <ClCompile Include="cg_marks.cc">
      <Filter>Source Files</Filter>
    </ClCompile>
    <ClCompile Include="cg_newDraw.cc">
      <Filter>Source Files</Filter>
    </ClCompile>
    <ClCompile Include="cg_particles.cc">
      <Filter>Source Files</Filter>
    </ClCompile>
    <ClCompile Include="cg_players.cc">
      <Filter>Source Files</Filter>
    </ClCompile>
    <ClCompile Include="cg_playerstate.cc">
      <Filter>Source Files</Filter>
    </ClCompile>
    <ClCompile Include="cg_predict.cc">
      <Filter>Source Files</Filter>
    </ClCompile>
    <ClCompile Include="cg_scoreboard.cc">
      <Filter>Source Files</Filter>
    </ClCompile>
    <ClCompile Include="cg_servercmds.cc">
      <Filter>Source Files</Filter>
    </ClCompile>
    <ClCompile Include="cg_snapshot.cc">
      <Filter>Source Files</Filter>
    </ClCompile>
    <ClCompile Include="cg_sound.cc">
      <Filter>Source Files</Filter>
    </ClCompile>
    <ClCompile Include="cg_spawn.cc">
      <Filter>Source Files</Filter>
    </ClCompile>
    <ClCompile Include="cg_syscalls.cc">
      <Filter>Source Files</Filter>
    </ClCompile>
    <ClCompile Include="cg_trails.cc">
      <Filter>Source Files</Filter>
    </ClCompile>
    <ClCompile Include="cg_view.cc">
      <Filter>Source Files</Filter>
    </ClCompile>
    <ClCompile Include="cg_weapons.cc">
      <Filter>Source Files</Filter>
    </ClCompile>
    <ClCompile Include="..\game\q_math.cc">
      <Filter>Source Files</Filter>
    </ClCompile>
    <ClCompile Include="..\game\q_shared.cc">
      <Filter>Source Files</Filter>
    </ClCompile>
    <ClCompile Include="..\ui\ui_shared.cc">
      <Filter>Source Files</Filter>
    </ClCompile>
  </ItemGroup>
  <ItemGroup>
    <ClInclude Include="..\game\bg_local.h">
      <Filter>Header Files</Filter>
    </ClInclude>
    <ClInclude Include="..\game\bg_public.h">
      <Filter>Header Files</Filter>
    </ClInclude>
    <ClInclude Include="cg_local.h">
      <Filter>Header Files</Filter>
    </ClInclude>
    <ClInclude Include="cg_public.h">
      <Filter>Header Files</Filter>
    </ClInclude>
    <ClInclude Include="..\ui\keycodes.h">
      <Filter>Header Files</Filter>
    </ClInclude>
    <ClInclude Include="..\..\main\ui\menudef.h">
      <Filter>Header Files</Filter>
    </ClInclude>
    <ClInclude Include="..\game\q_shared.h">
      <Filter>Header Files</Filter>
    </ClInclude>
    <ClInclude Include="..\game\surfaceflags.h">
      <Filter>Header Files</Filter>
    </ClInclude>
    <ClInclude Include="tr_types.h">
      <Filter>Header Files</Filter>
    </ClInclude>
    <ClInclude Include="..\ui\ui_shared.h">
      <Filter>Header Files</Filter>
    </ClInclude>
  </ItemGroup>
  <ItemGroup>
    <None Include="cgame.def" />
  </ItemGroup>
</Project>