<?xml version="1.0" encoding="utf-8"?>
<Project ToolsVersion="4.0" xmlns="http://schemas.microsoft.com/developer/msbuild/2003">
  <ItemGroup>
    <Filter Include="Source Files">
      <UniqueIdentifier>{c5b0e428-8a51-4fc3-92b9-89bab7d6145e}</UniqueIdentifier>
      <Extensions>cpp;c;cxx;rc;def;r;odl;hpj;bat;for;f90</Extensions>
    </Filter>
    <Filter Include="Header Files">
      <UniqueIdentifier>{da3642a9-e118-465b-8f03-285bcf31d06c}</UniqueIdentifier>
      <Extensions>h;hpp;hxx;hm;inl;fi;fd</Extensions>
    </Filter>
    <Filter Include="main">
      <UniqueIdentifier>{d6a938a6-1c30-4815-8abb-3acb6fd74fe9}</UniqueIdentifier>
    </Filter>
    <Filter Include="main\ui">
      <UniqueIdentifier>{6909d108-17a7-4eb2-9338-03704d2efe25}</UniqueIdentifier>
    </Filter>
    <Filter Include="main\scripts">
      <UniqueIdentifier>{4b6496cf-a2e1-4234-88ce-1cb35523d86b}</UniqueIdentifier>
    </Filter>
    <Filter Include="Misc">
      <UniqueIdentifier>{94e536c1-b3a8-4fc1-b577-c4aadfe678d6}</UniqueIdentifier>
    </Filter>
    <Filter Include="ui">
      <UniqueIdentifier>{61c07532-a348-40b5-a86f-e9c2a375bc6b}</UniqueIdentifier>
    </Filter>
    <Filter Include="game">
      <UniqueIdentifier>{7c128770-c164-49ed-b5cf-513b85545542}</UniqueIdentifier>
    </Filter>
    <Filter Include="cgame">
      <UniqueIdentifier>{988789f5-26a2-4361-aa82-c617fa614b39}</UniqueIdentifier>
    </Filter>
    <Filter Include="renderer">
      <UniqueIdentifier>{bb7252b8-33ec-4df4-b7c3-7b0253df966e}</UniqueIdentifier>
    </Filter>
    <Filter Include="jpeg">
      <UniqueIdentifier>{d0a488a1-b039-4bb7-8acf-17754da6ae9f}</UniqueIdentifier>
    </Filter>
    <Filter Include="jpeg\Source Files No. 1">
      <UniqueIdentifier>{d2cda713-95f2-4787-8a82-faca29dff903}</UniqueIdentifier>
    </Filter>
    <Filter Include="jpeg\Header Files No. 1">
      <UniqueIdentifier>{b1d4b803-03eb-4c7a-bdb4-e067d0e99db3}</UniqueIdentifier>
    </Filter>
    <Filter Include="Splines">
      <UniqueIdentifier>{526e9226-2a8f-4438-b059-571b9431966f}</UniqueIdentifier>
    </Filter>
    <Filter Include="Splines\Header Files">
      <UniqueIdentifier>{02ccc985-e769-485b-8e36-85629d010518}</UniqueIdentifier>
    </Filter>
    <Filter Include="Splines\Source Files">
      <UniqueIdentifier>{02506611-5826-48c7-86f1-e5ad6c236ad3}</UniqueIdentifier>
    </Filter>
    <Filter Include="botlib">
      <UniqueIdentifier>{e080e2cb-8bc9-41d4-bde7-428908dabfe2}</UniqueIdentifier>
    </Filter>
    <Filter Include="botlib\Header Files">
      <UniqueIdentifier>{bd0b5bf7-9026-466e-8f72-b0e0a078b6a4}</UniqueIdentifier>
    </Filter>
    <Filter Include="botlib\Source Files">
      <UniqueIdentifier>{bbaefeaa-9ca6-4014-941d-dd88fd3e8451}</UniqueIdentifier>
    </Filter>
  </ItemGroup>
  <ItemGroup>
    <ClCompile Include="client\cl_cgame.cc">
      <Filter>Source Files</Filter>
    </ClCompile>
    <ClCompile Include="client\cl_cin.cc">
      <Filter>Source Files</Filter>
    </ClCompile>
    <ClCompile Include="client\cl_console.cc">
      <Filter>Source Files</Filter>
    </ClCompile>
    <ClCompile Include="client\cl_input.cc">
      <Filter>Source Files</Filter>
    </ClCompile>
    <ClCompile Include="client\cl_keys.cc">
      <Filter>Source Files</Filter>
    </ClCompile>
    <ClCompile Include="client\cl_main.cc">
      <Filter>Source Files</Filter>
    </ClCompile>
    <ClCompile Include="client\cl_net_chan.cc">
      <Filter>Source Files</Filter>
    </ClCompile>
    <ClCompile Include="client\cl_parse.cc">
      <Filter>Source Files</Filter>
    </ClCompile>
    <ClCompile Include="client\cl_scrn.cc">
      <Filter>Source Files</Filter>
    </ClCompile>
    <ClCompile Include="client\cl_ui.cc">
      <Filter>Source Files</Filter>
    </ClCompile>
    <ClCompile Include="qcommon\cm_load.cc">
      <Filter>Source Files</Filter>
    </ClCompile>
    <ClCompile Include="qcommon\cm_patch.cc">
      <Filter>Source Files</Filter>
    </ClCompile>
    <ClCompile Include="qcommon\cm_polylib.cc">
      <Filter>Source Files</Filter>
    </ClCompile>
    <ClCompile Include="qcommon\cm_test.cc">
      <Filter>Source Files</Filter>
    </ClCompile>
    <ClCompile Include="qcommon\cm_trace.cc">
      <Filter>Source Files</Filter>
    </ClCompile>
    <ClCompile Include="qcommon\cmd.cc">
      <Filter>Source Files</Filter>
    </ClCompile>
    <ClCompile Include="qcommon\common.cc">
      <Filter>Source Files</Filter>
    </ClCompile>
    <ClCompile Include="qcommon\cvar.cc">
      <Filter>Source Files</Filter>
    </ClCompile>
    <ClCompile Include="qcommon\files.cc">
      <Filter>Source Files</Filter>
    </ClCompile>
    <ClCompile Include="qcommon\huffman.cc">
      <Filter>Source Files</Filter>
    </ClCompile>
    <ClCompile Include="qcommon\md4.cc">
      <Filter>Source Files</Filter>
    </ClCompile>
    <ClCompile Include="qcommon\msg.cc">
      <Filter>Source Files</Filter>
    </ClCompile>
    <ClCompile Include="qcommon\net_chan.cc">
      <Filter>Source Files</Filter>
    </ClCompile>
    <ClCompile Include="null\null_client.cc">
      <Filter>Source Files</Filter>
    </ClCompile>
    <ClCompile Include="null\null_input.cc">
      <Filter>Source Files</Filter>
    </ClCompile>
    <ClCompile Include="null\null_snddma.cc">
      <Filter>Source Files</Filter>
    </ClCompile>
    <ClCompile Include="game\q_math.cc">
      <Filter>Source Files</Filter>
    </ClCompile>
    <ClCompile Include="game\q_shared_b.cc">
      <Filter>Source Files</Filter>
    </ClCompile>
    <ClCompile Include="client\snd_adpcm.cc">
      <Filter>Source Files</Filter>
    </ClCompile>
    <ClCompile Include="client\snd_dma.cc">
      <Filter>Source Files</Filter>
    </ClCompile>
    <ClCompile Include="client\snd_mem.cc">
      <Filter>Source Files</Filter>
    </ClCompile>
    <ClCompile Include="client\snd_mix.cc">
      <Filter>Source Files</Filter>
    </ClCompile>
    <ClCompile Include="client\snd_wavelet.cc">
      <Filter>Source Files</Filter>
    </ClCompile>
    <ClCompile Include="server\sv_bot.cc">
      <Filter>Source Files</Filter>
    </ClCompile>
    <ClCompile Include="server\sv_ccmds.cc">
      <Filter>Source Files</Filter>
    </ClCompile>
    <ClCompile Include="server\sv_client.cc">
      <Filter>Source Files</Filter>
    </ClCompile>
    <ClCompile Include="server\sv_game.cc">
      <Filter>Source Files</Filter>
    </ClCompile>
    <ClCompile Include="server\sv_init.cc">
      <Filter>Source Files</Filter>
    </ClCompile>
    <ClCompile Include="server\sv_main.cc">
      <Filter>Source Files</Filter>
    </ClCompile>
    <ClCompile Include="server\sv_net_chan.cc">
      <Filter>Source Files</Filter>
    </ClCompile>
    <ClCompile Include="server\sv_snapshot.cc">
      <Filter>Source Files</Filter>
    </ClCompile>
    <ClCompile Include="server\sv_world.cc">
      <Filter>Source Files</Filter>
    </ClCompile>
    <ClCompile Include="qcommon\unzip.cc">
      <Filter>Source Files</Filter>
    </ClCompile>
    <ClCompile Include="qcommon\vm.cc">
      <Filter>Source Files</Filter>
    </ClCompile>
    <ClCompile Include="qcommon\vm_interpreted.cc">
      <Filter>Source Files</Filter>
    </ClCompile>
    <ClCompile Include="qcommon\vm_x86.cc">
      <Filter>Source Files</Filter>
    </ClCompile>
    <ClCompile Include="win32\win_input.cc">
      <Filter>Source Files</Filter>
    </ClCompile>
    <ClCompile Include="win32\win_main.cc">
      <Filter>Source Files</Filter>
    </ClCompile>
    <ClCompile Include="win32\win_net.cc">
      <Filter>Source Files</Filter>
    </ClCompile>
    <ClCompile Include="win32\win_shared.cc">
      <Filter>Source Files</Filter>
    </ClCompile>
    <ClCompile Include="win32\win_snd.cc">
      <Filter>Source Files</Filter>
    </ClCompile>
    <ClCompile Include="win32\win_syscon.cc">
      <Filter>Source Files</Filter>
    </ClCompile>
    <ClCompile Include="win32\win_wndproc.cc">
      <Filter>Source Files</Filter>
    </ClCompile>
    <ClCompile Include="game\bg_misc.cc">
      <Filter>ui</Filter>
    </ClCompile>
    <ClCompile Include="ui\ui_util.cc">
      <Filter>ui</Filter>
    </ClCompile>
    <ClCompile Include="ui\ui_syscalls.cc">
      <Filter>ui</Filter>
    </ClCompile>
    <ClCompile Include="ui\ui_shared.cc">
      <Filter>ui</Filter>
    </ClCompile>
    <ClCompile Include="ui\ui_players.cc">
      <Filter>ui</Filter>
    </ClCompile>
    <ClCompile Include="ui\ui_main.cc">
      <Filter>ui</Filter>
    </ClCompile>
    <ClCompile Include="ui\ui_gameinfo.cc">
      <Filter>ui</Filter>
    </ClCompile>
    <ClCompile Include="ui\ui_atoms.cc">
      <Filter>ui</Filter>
    </ClCompile>
    <ClCompile Include="game\ai_cast.cc">
      <Filter>game</Filter>
    </ClCompile>
    <ClCompile Include="game\ai_cast_characters.cc">
      <Filter>game</Filter>
    </ClCompile>
    <ClCompile Include="game\ai_cast_debug.cc">
      <Filter>game</Filter>
    </ClCompile>
    <ClCompile Include="game\ai_cast_events.cc">
      <Filter>game</Filter>
    </ClCompile>
    <ClCompile Include="game\ai_cast_fight.cc">
      <Filter>game</Filter>
    </ClCompile>
    <ClCompile Include="game\ai_cast_func_attack.cc">
      <Filter>game</Filter>
    </ClCompile>
    <ClCompile Include="game\ai_cast_func_boss1.cc">
      <Filter>game</Filter>
    </ClCompile>
    <ClCompile Include="game\ai_cast_funcs.cc">
      <Filter>game</Filter>
    </ClCompile>
    <ClCompile Include="game\ai_cast_script.cc">
      <Filter>game</Filter>
    </ClCompile>
    <ClCompile Include="game\ai_cast_script_actions.cc">
      <Filter>game</Filter>
    </ClCompile>
    <ClCompile Include="game\ai_cast_script_ents.cc">
      <Filter>game</Filter>
    </ClCompile>
    <ClCompile Include="game\ai_cast_sight.cc">
      <Filter>game</Filter>
    </ClCompile>
    <ClCompile Include="game\ai_cast_think.cc">
      <Filter>game</Filter>
    </ClCompile>
    <ClCompile Include="botai\ai_chat.cc">
      <Filter>game</Filter>
    </ClCompile>
    <ClCompile Include="botai\ai_cmd.cc">
      <Filter>game</Filter>
    </ClCompile>
    <ClCompile Include="botai\ai_dmnet.cc">
      <Filter>game</Filter>
    </ClCompile>
    <ClCompile Include="botai\ai_dmq3.cc">
      <Filter>game</Filter>
    </ClCompile>
    <ClCompile Include="botai\ai_main.cc">
      <Filter>game</Filter>
    </ClCompile>
    <ClCompile Include="botai\ai_team.cc">
      <Filter>game</Filter>
    </ClCompile>
    <ClCompile Include="game\bg_animation.cc">
      <Filter>game</Filter>
    </ClCompile>
    <ClCompile Include="game\g_weapon.cc">
      <Filter>game</Filter>
    </ClCompile>
    <ClCompile Include="game\g_target.cc">
      <Filter>game</Filter>
    </ClCompile>
    <ClCompile Include="game\g_team.cc">
      <Filter>game</Filter>
    </ClCompile>
    <ClCompile Include="game\g_tramcar.cc">
      <Filter>game</Filter>
    </ClCompile>
    <ClCompile Include="game\g_trigger.cc">
      <Filter>game</Filter>
    </ClCompile>
    <ClCompile Include="game\g_utils.cc">
      <Filter>game</Filter>
    </ClCompile>
    <ClCompile Include="game\g_syscalls.cc">
      <Filter>game</Filter>
    </ClCompile>
    <ClCompile Include="game\g_svcmds.cc">
      <Filter>game</Filter>
    </ClCompile>
    <ClCompile Include="game\g_missile.cc">
      <Filter>game</Filter>
    </ClCompile>
    <ClCompile Include="game\g_mover.cc">
      <Filter>game</Filter>
    </ClCompile>
    <ClCompile Include="game\g_props.cc">
      <Filter>game</Filter>
    </ClCompile>
    <ClCompile Include="game\g_save.cc">
      <Filter>game</Filter>
    </ClCompile>
    <ClCompile Include="game\g_script.cc">
      <Filter>game</Filter>
    </ClCompile>
    <ClCompile Include="game\g_script_actions.cc">
      <Filter>game</Filter>
    </ClCompile>
    <ClCompile Include="game\g_session.cc">
      <Filter>game</Filter>
    </ClCompile>
    <ClCompile Include="game\g_spawn.cc">
      <Filter>game</Filter>
    </ClCompile>
    <ClCompile Include="game\g_active.cc">
      <Filter>game</Filter>
    </ClCompile>
    <ClCompile Include="game\g_alarm.cc">
      <Filter>game</Filter>
    </ClCompile>
    <ClCompile Include="game\g_antilag.cc">
      <Filter>game</Filter>
    </ClCompile>
    <ClCompile Include="game\g_bot.cc">
      <Filter>game</Filter>
    </ClCompile>
    <ClCompile Include="game\g_client.cc">
      <Filter>game</Filter>
    </ClCompile>
    <ClCompile Include="game\g_cmds.cc">
      <Filter>game</Filter>
    </ClCompile>
    <ClCompile Include="game\g_combat.cc">
      <Filter>game</Filter>
    </ClCompile>
    <ClCompile Include="game\g_items.cc">
      <Filter>game</Filter>
    </ClCompile>
    <ClCompile Include="game\g_main.cc">
      <Filter>game</Filter>
    </ClCompile>
    <ClCompile Include="game\g_mem.cc">
      <Filter>game</Filter>
    </ClCompile>
    <ClCompile Include="game\g_misc.cc">
      <Filter>game</Filter>
    </ClCompile>
    <ClCompile Include="game\bg_slidemove.cc">
      <Filter>game</Filter>
    </ClCompile>
    <ClCompile Include="game\bg_pmove.cc">
      <Filter>game</Filter>
    </ClCompile>
    <ClCompile Include="cgame\cg_weapons.cc">
      <Filter>cgame</Filter>
    </ClCompile>
    <ClCompile Include="cgame\cg_predict.cc">
      <Filter>cgame</Filter>
    </ClCompile>
    <ClCompile Include="cgame\cg_scoreboard.cc">
      <Filter>cgame</Filter>
    </ClCompile>
    <ClCompile Include="cgame\cg_servercmds.cc">
      <Filter>cgame</Filter>
    </ClCompile>
    <ClCompile Include="cgame\cg_snapshot.cc">
      <Filter>cgame</Filter>
    </ClCompile>
    <ClCompile Include="cgame\cg_sound.cc">
      <Filter>cgame</Filter>
    </ClCompile>
    <ClCompile Include="cgame\cg_spawn.cc">
      <Filter>cgame</Filter>
    </ClCompile>
    <ClCompile Include="cgame\cg_syscalls.cc">
      <Filter>cgame</Filter>
    </ClCompile>
    <ClCompile Include="cgame\cg_trails.cc">
      <Filter>cgame</Filter>
    </ClCompile>
    <ClCompile Include="cgame\cg_view.cc">
      <Filter>cgame</Filter>
    </ClCompile>
    <ClCompile Include="cgame\cg_newDraw.cc">
      <Filter>cgame</Filter>
    </ClCompile>
    <ClCompile Include="cgame\cg_particles.cc">
      <Filter>cgame</Filter>
    </ClCompile>
    <ClCompile Include="cgame\cg_players.cc">
      <Filter>cgame</Filter>
    </ClCompile>
    <ClCompile Include="cgame\cg_playerstate.cc">
      <Filter>cgame</Filter>
    </ClCompile>
    <ClCompile Include="cgame\cg_flamethrower.cc">
      <Filter>cgame</Filter>
    </ClCompile>
    <ClCompile Include="cgame\cg_info.cc">
      <Filter>cgame</Filter>
    </ClCompile>
    <ClCompile Include="cgame\cg_localents.cc">
      <Filter>cgame</Filter>
    </ClCompile>
    <ClCompile Include="cgame\cg_main.cc">
      <Filter>cgame</Filter>
    </ClCompile>
    <ClCompile Include="cgame\cg_marks.cc">
      <Filter>cgame</Filter>
    </ClCompile>
    <ClCompile Include="cgame\cg_draw.cc">
      <Filter>cgame</Filter>
    </ClCompile>
    <ClCompile Include="cgame\cg_drawtools.cc">
      <Filter>cgame</Filter>
    </ClCompile>
    <ClCompile Include="cgame\cg_effects.cc">
      <Filter>cgame</Filter>
    </ClCompile>
    <ClCompile Include="cgame\cg_ents.cc">
      <Filter>cgame</Filter>
    </ClCompile>
    <ClCompile Include="cgame\cg_event.cc">
      <Filter>cgame</Filter>
    </ClCompile>
    <ClCompile Include="cgame\cg_consolecmds.cc">
      <Filter>cgame</Filter>
    </ClCompile>
    <ClCompile Include="renderer\tr_animation.cc">
      <Filter>renderer</Filter>
    </ClCompile>
    <ClCompile Include="renderer\tr_backend.cc">
      <Filter>renderer</Filter>
    </ClCompile>
    <ClCompile Include="renderer\tr_bsp.cc">
      <Filter>renderer</Filter>
    </ClCompile>
    <ClCompile Include="renderer\tr_cmds.cc">
      <Filter>renderer</Filter>
    </ClCompile>
    <ClCompile Include="renderer\tr_cmesh.cc">
      <Filter>renderer</Filter>
    </ClCompile>
    <ClCompile Include="renderer\tr_curve.cc">
      <Filter>renderer</Filter>
    </ClCompile>
    <ClCompile Include="renderer\tr_flares.cc">
      <Filter>renderer</Filter>
    </ClCompile>
    <ClCompile Include="renderer\tr_font.cc">
      <Filter>renderer</Filter>
    </ClCompile>
    <ClCompile Include="renderer\tr_image.cc">
      <Filter>renderer</Filter>
    </ClCompile>
    <ClCompile Include="renderer\tr_init.cc">
      <Filter>renderer</Filter>
    </ClCompile>
    <ClCompile Include="renderer\tr_light.cc">
      <Filter>renderer</Filter>
    </ClCompile>
    <ClCompile Include="renderer\tr_main.cc">
      <Filter>renderer</Filter>
    </ClCompile>
    <ClCompile Include="renderer\tr_marks.cc">
      <Filter>renderer</Filter>
    </ClCompile>
    <ClCompile Include="renderer\tr_mesh.cc">
      <Filter>renderer</Filter>
    </ClCompile>
    <ClCompile Include="renderer\tr_model.cc">
      <Filter>renderer</Filter>
    </ClCompile>
    <ClCompile Include="renderer\tr_noise.cc">
      <Filter>renderer</Filter>
    </ClCompile>
    <ClCompile Include="renderer\tr_scene.cc">
      <Filter>renderer</Filter>
    </ClCompile>
    <ClCompile Include="renderer\tr_shade.cc">
      <Filter>renderer</Filter>
    </ClCompile>
    <ClCompile Include="renderer\tr_shade_calc.cc">
      <Filter>renderer</Filter>
    </ClCompile>
    <ClCompile Include="renderer\tr_shader.cc">
      <Filter>renderer</Filter>
    </ClCompile>
    <ClCompile Include="renderer\tr_shadows.cc">
      <Filter>renderer</Filter>
    </ClCompile>
    <ClCompile Include="renderer\tr_sky.cc">
      <Filter>renderer</Filter>
    </ClCompile>
    <ClCompile Include="renderer\tr_surface.cc">
      <Filter>renderer</Filter>
    </ClCompile>
    <ClCompile Include="renderer\tr_world.cc">
      <Filter>renderer</Filter>
    </ClCompile>
    <ClCompile Include="win32\win_gamma.cc">
      <Filter>renderer</Filter>
    </ClCompile>
    <ClCompile Include="win32\win_glimp.cc">
      <Filter>renderer</Filter>
    </ClCompile>
    <ClCompile Include="win32\win_qgl.cc">
      <Filter>renderer</Filter>
    </ClCompile>
    <ClCompile Include="jpeg-6\jcapimin.cc">
      <Filter>jpeg\Source Files No. 1</Filter>
    </ClCompile>
    <ClCompile Include="jpeg-6\jccoefct.cc">
      <Filter>jpeg\Source Files No. 1</Filter>
    </ClCompile>
    <ClCompile Include="jpeg-6\jccolor.cc">
      <Filter>jpeg\Source Files No. 1</Filter>
    </ClCompile>
    <ClCompile Include="jpeg-6\jcdctmgr.cc">
      <Filter>jpeg\Source Files No. 1</Filter>
    </ClCompile>
    <ClCompile Include="jpeg-6\jchuff.cc">
      <Filter>jpeg\Source Files No. 1</Filter>
    </ClCompile>
    <ClCompile Include="jpeg-6\jcinit.cc">
      <Filter>jpeg\Source Files No. 1</Filter>
    </ClCompile>
    <ClCompile Include="jpeg-6\jcmainct.cc">
      <Filter>jpeg\Source Files No. 1</Filter>
    </ClCompile>
    <ClCompile Include="jpeg-6\jcmarker.cc">
      <Filter>jpeg\Source Files No. 1</Filter>
    </ClCompile>
    <ClCompile Include="jpeg-6\jcmaster.cc">
      <Filter>jpeg\Source Files No. 1</Filter>
    </ClCompile>
    <ClCompile Include="jpeg-6\jcomapi.cc">
      <Filter>jpeg\Source Files No. 1</Filter>
    </ClCompile>
    <ClCompile Include="jpeg-6\jcparam.cc">
      <Filter>jpeg\Source Files No. 1</Filter>
    </ClCompile>
    <ClCompile Include="jpeg-6\jcphuff.cc">
      <Filter>jpeg\Source Files No. 1</Filter>
    </ClCompile>
    <ClCompile Include="jpeg-6\jcprepct.cc">
      <Filter>jpeg\Source Files No. 1</Filter>
    </ClCompile>
    <ClCompile Include="jpeg-6\jcsample.cc">
      <Filter>jpeg\Source Files No. 1</Filter>
    </ClCompile>
    <ClCompile Include="jpeg-6\jctrans.cc">
      <Filter>jpeg\Source Files No. 1</Filter>
    </ClCompile>
    <ClCompile Include="jpeg-6\jdapimin.cc">
      <Filter>jpeg\Source Files No. 1</Filter>
    </ClCompile>
    <ClCompile Include="jpeg-6\jdapistd.cc">
      <Filter>jpeg\Source Files No. 1</Filter>
    </ClCompile>
    <ClCompile Include="jpeg-6\jdatadst.cc">
      <Filter>jpeg\Source Files No. 1</Filter>
    </ClCompile>
    <ClCompile Include="jpeg-6\jdatasrc.cc">
      <Filter>jpeg\Source Files No. 1</Filter>
    </ClCompile>
    <ClCompile Include="jpeg-6\jdcoefct.cc">
      <Filter>jpeg\Source Files No. 1</Filter>
    </ClCompile>
    <ClCompile Include="jpeg-6\jdcolor.cc">
      <Filter>jpeg\Source Files No. 1</Filter>
    </ClCompile>
    <ClCompile Include="jpeg-6\jddctmgr.cc">
      <Filter>jpeg\Source Files No. 1</Filter>
    </ClCompile>
    <ClCompile Include="jpeg-6\jdhuff.cc">
      <Filter>jpeg\Source Files No. 1</Filter>
    </ClCompile>
    <ClCompile Include="jpeg-6\jdinput.cc">
      <Filter>jpeg\Source Files No. 1</Filter>
    </ClCompile>
    <ClCompile Include="jpeg-6\jdmainct.cc">
      <Filter>jpeg\Source Files No. 1</Filter>
    </ClCompile>
    <ClCompile Include="jpeg-6\jdmarker.cc">
      <Filter>jpeg\Source Files No. 1</Filter>
    </ClCompile>
    <ClCompile Include="jpeg-6\jdmaster.cc">
      <Filter>jpeg\Source Files No. 1</Filter>
    </ClCompile>
    <ClCompile Include="jpeg-6\jdpostct.cc">
      <Filter>jpeg\Source Files No. 1</Filter>
    </ClCompile>
    <ClCompile Include="jpeg-6\jdsample.cc">
      <Filter>jpeg\Source Files No. 1</Filter>
    </ClCompile>
    <ClCompile Include="jpeg-6\jdtrans.cc">
      <Filter>jpeg\Source Files No. 1</Filter>
    </ClCompile>
    <ClCompile Include="jpeg-6\jerror.cc">
      <Filter>jpeg\Source Files No. 1</Filter>
    </ClCompile>
    <ClCompile Include="jpeg-6\jfdctflt.cc">
      <Filter>jpeg\Source Files No. 1</Filter>
    </ClCompile>
    <ClCompile Include="jpeg-6\jidctflt.cc">
      <Filter>jpeg\Source Files No. 1</Filter>
    </ClCompile>
    <ClCompile Include="jpeg-6\jmemmgr.cc">
      <Filter>jpeg\Source Files No. 1</Filter>
    </ClCompile>
    <ClCompile Include="jpeg-6\jmemnobs.cc">
      <Filter>jpeg\Source Files No. 1</Filter>
    </ClCompile>
    <ClCompile Include="jpeg-6\jutils.cc">
      <Filter>jpeg\Source Files No. 1</Filter>
    </ClCompile>
    <ClCompile Include="splines\math_angles.cpp">
      <Filter>Splines\Source Files</Filter>
    </ClCompile>
    <ClCompile Include="splines\math_matrix.cpp">
      <Filter>Splines\Source Files</Filter>
    </ClCompile>
    <ClCompile Include="splines\math_quaternion.cpp">
      <Filter>Splines\Source Files</Filter>
    </ClCompile>
    <ClCompile Include="splines\math_vector.cpp">
      <Filter>Splines\Source Files</Filter>
    </ClCompile>
    <ClCompile Include="splines\q_parse.cpp">
      <Filter>Splines\Source Files</Filter>
    </ClCompile>
    <ClCompile Include="splines\q_shared.cpp">
      <Filter>Splines\Source Files</Filter>
    </ClCompile>
    <ClCompile Include="splines\splines.cpp">
      <Filter>Splines\Source Files</Filter>
    </ClCompile>
    <ClCompile Include="splines\util_str.cpp">
      <Filter>Splines\Source Files</Filter>
    </ClCompile>
    <ClCompile Include="botlib\be_aas_bspq3.cc">
      <Filter>botlib\Source Files</Filter>
    </ClCompile>
    <ClCompile Include="botlib\be_aas_cluster.cc">
      <Filter>botlib\Source Files</Filter>
    </ClCompile>
    <ClCompile Include="botlib\be_aas_debug.cc">
      <Filter>botlib\Source Files</Filter>
    </ClCompile>
    <ClCompile Include="botlib\be_aas_entity.cc">
      <Filter>botlib\Source Files</Filter>
    </ClCompile>
    <ClCompile Include="botlib\be_aas_file.cc">
      <Filter>botlib\Source Files</Filter>
    </ClCompile>
    <ClCompile Include="botlib\be_aas_main.cc">
      <Filter>botlib\Source Files</Filter>
    </ClCompile>
    <ClCompile Include="botlib\be_aas_move.cc">
      <Filter>botlib\Source Files</Filter>
    </ClCompile>
    <ClCompile Include="botlib\be_aas_optimize.cc">
      <Filter>botlib\Source Files</Filter>
    </ClCompile>
    <ClCompile Include="botlib\be_aas_reach.cc">
      <Filter>botlib\Source Files</Filter>
    </ClCompile>
    <ClCompile Include="botlib\be_aas_route.cc">
      <Filter>botlib\Source Files</Filter>
    </ClCompile>
    <ClCompile Include="botlib\be_aas_routealt.cc">
      <Filter>botlib\Source Files</Filter>
    </ClCompile>
    <ClCompile Include="botlib\be_aas_routetable.cc">
      <Filter>botlib\Source Files</Filter>
    </ClCompile>
    <ClCompile Include="botlib\be_aas_sample.cc">
      <Filter>botlib\Source Files</Filter>
    </ClCompile>
    <ClCompile Include="botlib\be_ai_char.cc">
      <Filter>botlib\Source Files</Filter>
    </ClCompile>
    <ClCompile Include="botlib\be_ai_chat.cc">
      <Filter>botlib\Source Files</Filter>
    </ClCompile>
    <ClCompile Include="botlib\be_ai_gen.cc">
      <Filter>botlib\Source Files</Filter>
    </ClCompile>
    <ClCompile Include="botlib\be_ai_goal.cc">
      <Filter>botlib\Source Files</Filter>
    </ClCompile>
    <ClCompile Include="botlib\be_ai_move.cc">
      <Filter>botlib\Source Files</Filter>
    </ClCompile>
    <ClCompile Include="botlib\be_ai_weap.cc">
      <Filter>botlib\Source Files</Filter>
    </ClCompile>
    <ClCompile Include="botlib\be_ai_weight.cc">
      <Filter>botlib\Source Files</Filter>
    </ClCompile>
    <ClCompile Include="botlib\be_ea.cc">
      <Filter>botlib\Source Files</Filter>
    </ClCompile>
    <ClCompile Include="botlib\be_interface.cc">
      <Filter>botlib\Source Files</Filter>
    </ClCompile>
    <ClCompile Include="botlib\l_crc.cc">
      <Filter>botlib\Source Files</Filter>
    </ClCompile>
    <ClCompile Include="botlib\l_libvar.cc">
      <Filter>botlib\Source Files</Filter>
    </ClCompile>
    <ClCompile Include="botlib\l_log.cc">
      <Filter>botlib\Source Files</Filter>
    </ClCompile>
    <ClCompile Include="botlib\l_memory.cc">
      <Filter>botlib\Source Files</Filter>
    </ClCompile>
    <ClCompile Include="botlib\l_precomp.cc">
      <Filter>botlib\Source Files</Filter>
    </ClCompile>
    <ClCompile Include="botlib\l_script.cc">
      <Filter>botlib\Source Files</Filter>
    </ClCompile>
    <ClCompile Include="botlib\l_struct.cc">
      <Filter>botlib\Source Files</Filter>
    </ClCompile>
  </ItemGroup>
  <ItemGroup>
    <ClInclude Include="A3D\a3dWrapperdp.h">
      <Filter>Header Files</Filter>
    </ClInclude>
    <ClInclude Include="game\bg_public.h">
      <Filter>Header Files</Filter>
    </ClInclude>
    <ClInclude Include="botai\botai.h">
      <Filter>Header Files</Filter>
    </ClInclude>
    <ClInclude Include="game\botlib.h">
      <Filter>Header Files</Filter>
    </ClInclude>
    <ClInclude Include="cgame\cg_public.h">
      <Filter>Header Files</Filter>
    </ClInclude>
    <ClInclude Include="client\client.h">
      <Filter>Header Files</Filter>
    </ClInclude>
    <ClInclude Include="qcommon\cm_local.h">
      <Filter>Header Files</Filter>
    </ClInclude>
    <ClInclude Include="qcommon\cm_patch.h">
      <Filter>Header Files</Filter>
    </ClInclude>
    <ClInclude Include="qcommon\cm_polylib.h">
      <Filter>Header Files</Filter>
    </ClInclude>
    <ClInclude Include="qcommon\cm_public.h">
      <Filter>Header Files</Filter>
    </ClInclude>
    <ClInclude Include="game\g_public.h">
      <Filter>Header Files</Filter>
    </ClInclude>
    <ClInclude Include="A3D\ia3dapi.h">
      <Filter>Header Files</Filter>
    </ClInclude>
    <ClInclude Include="ui\keycodes.h">
      <Filter>Header Files</Filter>
    </ClInclude>
    <ClInclude Include="client\keys.h">
      <Filter>Header Files</Filter>
    </ClInclude>
    <ClInclude Include="game\q_shared.h">
      <Filter>Header Files</Filter>
    </ClInclude>
    <ClInclude Include="qcommon\qcommon.h">
      <Filter>Header Files</Filter>
    </ClInclude>
    <ClInclude Include="qcommon\qfiles.h">
      <Filter>Header Files</Filter>
    </ClInclude>
    <ClInclude Include="renderer\qgl.h">
      <Filter>Header Files</Filter>
    </ClInclude>
    <ClInclude Include="server\server.h">
      <Filter>Header Files</Filter>
    </ClInclude>
    <ClInclude Include="A3D\snd_A3D.h">
      <Filter>Header Files</Filter>
    </ClInclude>
    <ClInclude Include="A3D\snd_a3dg.h">
      <Filter>Header Files</Filter>
    </ClInclude>
    <ClInclude Include="client\snd_local.h">
      <Filter>Header Files</Filter>
    </ClInclude>
    <ClInclude Include="client\snd_public.h">
      <Filter>Header Files</Filter>
    </ClInclude>
    <ClInclude Include="game\surfaceflags.h">
      <Filter>Header Files</Filter>
    </ClInclude>
    <ClInclude Include="renderer\tr_local.h">
      <Filter>Header Files</Filter>
    </ClInclude>
    <ClInclude Include="renderer\tr_public.h">
      <Filter>Header Files</Filter>
    </ClInclude>
    <ClInclude Include="cgame\tr_types.h">
      <Filter>Header Files</Filter>
    </ClInclude>
    <ClInclude Include="ui\ui_public.h">
      <Filter>Header Files</Filter>
    </ClInclude>
    <ClInclude Include="qcommon\unzip.h">
      <Filter>Header Files</Filter>
    </ClInclude>
    <ClInclude Include="qcommon\vm_local.h">
      <Filter>Header Files</Filter>
    </ClInclude>
    <ClInclude Include="win32\win_local.h">
      <Filter>Header Files</Filter>
    </ClInclude>
    <ClInclude Include="..\main\ui\menudef.h">
      <Filter>main\ui</Filter>
    </ClInclude>
    <ClInclude Include="game\g_local.h">
      <Filter>Header Files</Filter>
    </ClInclude>
    <ClInclude Include="renderer\anorms256.h">
      <Filter>renderer</Filter>
    </ClInclude>
    <ClInclude Include="win32\glw_win.h">
      <Filter>renderer</Filter>
    </ClInclude>
    <ClInclude Include="jpeg-6\jchuff.h">
      <Filter>renderer</Filter>
    </ClInclude>
    <ClInclude Include="win32\resource.h">
      <Filter>renderer</Filter>
    </ClInclude>
    <ClInclude Include="jpeg-6\jconfig.h">
      <Filter>jpeg\Header Files No. 1</Filter>
    </ClInclude>
    <ClInclude Include="jpeg-6\jdct.h">
      <Filter>jpeg\Header Files No. 1</Filter>
    </ClInclude>
    <ClInclude Include="jpeg-6\jdhuff.h">
      <Filter>jpeg\Header Files No. 1</Filter>
    </ClInclude>
    <ClInclude Include="jpeg-6\jerror.h">
      <Filter>jpeg\Header Files No. 1</Filter>
    </ClInclude>
    <ClInclude Include="jpeg-6\jinclude.h">
      <Filter>jpeg\Header Files No. 1</Filter>
    </ClInclude>
    <ClInclude Include="jpeg-6\jmemsys.h">
      <Filter>jpeg\Header Files No. 1</Filter>
    </ClInclude>
    <ClInclude Include="jpeg-6\jmorecfg.h">
      <Filter>jpeg\Header Files No. 1</Filter>
    </ClInclude>
    <ClInclude Include="jpeg-6\jpegint.h">
      <Filter>jpeg\Header Files No. 1</Filter>
    </ClInclude>
    <ClInclude Include="jpeg-6\jpeglib.h">
      <Filter>jpeg\Header Files No. 1</Filter>
    </ClInclude>
    <ClInclude Include="jpeg-6\jversion.h">
      <Filter>jpeg\Header Files No. 1</Filter>
    </ClInclude>
    <ClInclude Include="splines\math_angles.h">
      <Filter>Splines\Header Files</Filter>
    </ClInclude>
    <ClInclude Include="splines\math_matrix.h">
      <Filter>Splines\Header Files</Filter>
    </ClInclude>
    <ClInclude Include="splines\math_quaternion.h">
      <Filter>Splines\Header Files</Filter>
    </ClInclude>
    <ClInclude Include="splines\math_vector.h">
      <Filter>Splines\Header Files</Filter>
    </ClInclude>
    <ClInclude Include="splines\q_shared.h">
      <Filter>Splines\Header Files</Filter>
    </ClInclude>
    <ClInclude Include="splines\q_splineshared.h">
      <Filter>Splines\Header Files</Filter>
    </ClInclude>
    <ClInclude Include="splines\splines.h">
      <Filter>Splines\Header Files</Filter>
    </ClInclude>
    <ClInclude Include="splines\util_list.h">
      <Filter>Splines\Header Files</Filter>
    </ClInclude>
    <ClInclude Include="splines\util_str.h">
      <Filter>Splines\Header Files</Filter>
    </ClInclude>
    <ClInclude Include="game\be_aas.h">
      <Filter>botlib\Header Files</Filter>
    </ClInclude>
    <ClInclude Include="game\be_ai_char.h">
      <Filter>botlib\Header Files</Filter>
    </ClInclude>
    <ClInclude Include="game\be_ai_chat.h">
      <Filter>botlib\Header Files</Filter>
    </ClInclude>
    <ClInclude Include="game\be_ai_gen.h">
      <Filter>botlib\Header Files</Filter>
    </ClInclude>
    <ClInclude Include="game\be_ai_goal.h">
      <Filter>botlib\Header Files</Filter>
    </ClInclude>
    <ClInclude Include="game\be_ai_move.h">
      <Filter>botlib\Header Files</Filter>
    </ClInclude>
    <ClInclude Include="game\be_ai_weap.h">
      <Filter>botlib\Header Files</Filter>
    </ClInclude>
    <ClInclude Include="game\be_ea.h">
      <Filter>botlib\Header Files</Filter>
    </ClInclude>
    <ClInclude Include="botlib\l_script.h">
      <Filter>botlib\Header Files</Filter>
    </ClInclude>
    <ClInclude Include="botlib\l_struct.h">
      <Filter>botlib\Header Files</Filter>
    </ClInclude>
    <ClInclude Include="botlib\l_utils.h">
      <Filter>botlib\Header Files</Filter>
    </ClInclude>
    <ClInclude Include="botlib\l_precomp.h">
      <Filter>botlib\Header Files</Filter>
    </ClInclude>
    <ClInclude Include="botlib\l_memory.h">
      <Filter>botlib\Header Files</Filter>
    </ClInclude>
    <ClInclude Include="botlib\l_log.h">
      <Filter>botlib\Header Files</Filter>
    </ClInclude>
    <ClInclude Include="botlib\l_libvar.h">
      <Filter>botlib\Header Files</Filter>
    </ClInclude>
    <ClInclude Include="botlib\l_crc.h">
      <Filter>botlib\Header Files</Filter>
    </ClInclude>
    <ClInclude Include="botlib\be_interface.h">
      <Filter>botlib\Header Files</Filter>
    </ClInclude>
    <ClInclude Include="botlib\be_ai_weight.h">
      <Filter>botlib\Header Files</Filter>
    </ClInclude>
    <ClInclude Include="botlib\be_aas_sample.h">
      <Filter>botlib\Header Files</Filter>
    </ClInclude>
    <ClInclude Include="botlib\be_aas_routetable.h">
      <Filter>botlib\Header Files</Filter>
    </ClInclude>
    <ClInclude Include="botlib\be_aas_routealt.h">
      <Filter>botlib\Header Files</Filter>
    </ClInclude>
    <ClInclude Include="botlib\be_aas_route.h">
      <Filter>botlib\Header Files</Filter>
    </ClInclude>
    <ClInclude Include="botlib\be_aas_reach.h">
      <Filter>botlib\Header Files</Filter>
    </ClInclude>
    <ClInclude Include="botlib\be_aas_optimize.h">
      <Filter>botlib\Header Files</Filter>
    </ClInclude>
    <ClInclude Include="botlib\be_aas_move.h">
      <Filter>botlib\Header Files</Filter>
    </ClInclude>
    <ClInclude Include="botlib\be_aas_main.h">
      <Filter>botlib\Header Files</Filter>
    </ClInclude>
    <ClInclude Include="botlib\be_aas_funcs.h">
      <Filter>botlib\Header Files</Filter>
    </ClInclude>
    <ClInclude Include="botlib\be_aas_file.h">
      <Filter>botlib\Header Files</Filter>
    </ClInclude>
    <ClInclude Include="botlib\be_aas_entity.h">
      <Filter>botlib\Header Files</Filter>
    </ClInclude>
    <ClInclude Include="botlib\be_aas_def.h">
      <Filter>botlib\Header Files</Filter>
    </ClInclude>
    <ClInclude Include="botlib\be_aas_debug.h">
      <Filter>botlib\Header Files</Filter>
    </ClInclude>
    <ClInclude Include="botlib\be_aas_cluster.h">
      <Filter>botlib\Header Files</Filter>
    </ClInclude>
    <ClInclude Include="botlib\be_aas_bsp.h">
      <Filter>botlib\Header Files</Filter>
    </ClInclude>
    <ClInclude Include="botlib\aasfile.h">
      <Filter>botlib\Header Files</Filter>
    </ClInclude>
  </ItemGroup>
  <ItemGroup>
    <None Include="unix\ChangeLog">
      <Filter>Misc</Filter>
    </None>
    <None Include="unix\Construct">
      <Filter>Misc</Filter>
    </None>
  </ItemGroup>
  <ItemGroup>
    <CustomBuild Include="..\main\ui\addfilter.menu">
      <Filter>main\ui</Filter>
    </CustomBuild>
    <CustomBuild Include="..\main\ui\bookp.menu">
      <Filter>main\ui</Filter>
    </CustomBuild>
    <CustomBuild Include="..\main\ui\bookv.menu">
      <Filter>main\ui</Filter>
    </CustomBuild>
    <CustomBuild Include="..\main\ui\bookz.menu">
      <Filter>main\ui</Filter>
    </CustomBuild>
    <CustomBuild Include="..\main\ui\cdkey.menu">
      <Filter>main\ui</Filter>
    </CustomBuild>
    <CustomBuild Include="..\main\ui\cinematicmenu.menu">
      <Filter>main\ui</Filter>
    </CustomBuild>
    <CustomBuild Include="..\main\ui\clipboard.menu">
      <Filter>main\ui</Filter>
    </CustomBuild>
    <CustomBuild Include="..\main\ui\connect.menu">
      <Filter>main\ui</Filter>
    </CustomBuild>
    <CustomBuild Include="..\main\ui\controls.menu">
      <Filter>main\ui</Filter>
    </CustomBuild>
    <CustomBuild Include="..\main\ui\createfavorite.menu">
      <Filter>main\ui</Filter>
    </CustomBuild>
    <CustomBuild Include="..\main\ui\createserver.menu">
      <Filter>main\ui</Filter>
    </CustomBuild>
    <CustomBuild Include="..\main\ui\credit.menu">
      <Filter>main\ui</Filter>
    </CustomBuild>
    <CustomBuild Include="..\main\ui\default.menu">
      <Filter>main\ui</Filter>
    </CustomBuild>
    <CustomBuild Include="..\main\ui\demo.menu">
      <Filter>main\ui</Filter>
    </CustomBuild>
    <CustomBuild Include="..\main\ui\demo_quit.menu">
      <Filter>main\ui</Filter>
    </CustomBuild>
    <CustomBuild Include="..\main\ui\endofgame.menu">
      <Filter>main\ui</Filter>
    </CustomBuild>
    <CustomBuild Include="..\main\ui\error.menu">
      <Filter>main\ui</Filter>
    </CustomBuild>
    <CustomBuild Include="..\main\ui\fight.menu">
      <Filter>main\ui</Filter>
    </CustomBuild>
    <CustomBuild Include="..\main\ui\findplayer.menu">
      <Filter>main\ui</Filter>
    </CustomBuild>
    <CustomBuild Include="..\main\ui\help.menu">
      <Filter>main\ui</Filter>
    </CustomBuild>
    <CustomBuild Include="..\main\ui\hud.menu">
      <Filter>main\ui</Filter>
    </CustomBuild>
    <CustomBuild Include="..\main\ui\hud.txt">
      <Filter>main\ui</Filter>
    </CustomBuild>
    <CustomBuild Include="..\main\ui\ingame.menu">
      <Filter>main\ui</Filter>
    </CustomBuild>
    <CustomBuild Include="..\main\ui\ingame.txt">
      <Filter>main\ui</Filter>
    </CustomBuild>
    <CustomBuild Include="..\main\ui\ingame_about.menu">
      <Filter>main\ui</Filter>
    </CustomBuild>
    <CustomBuild Include="..\main\ui\ingame_addbot.menu">
      <Filter>main\ui</Filter>
    </CustomBuild>
    <CustomBuild Include="..\main\ui\ingame_callvote.menu">
      <Filter>main\ui</Filter>
    </CustomBuild>
    <CustomBuild Include="..\main\ui\ingame_controls.menu">
      <Filter>main\ui</Filter>
    </CustomBuild>
    <CustomBuild Include="..\main\ui\ingame_help.menu">
      <Filter>main\ui</Filter>
    </CustomBuild>
    <CustomBuild Include="..\main\ui\ingame_join.menu">
      <Filter>main\ui</Filter>
    </CustomBuild>
    <CustomBuild Include="..\main\ui\ingame_leave.menu">
      <Filter>main\ui</Filter>
    </CustomBuild>
    <CustomBuild Include="..\main\ui\ingame_loadsave.menu">
      <Filter>main\ui</Filter>
    </CustomBuild>
    <CustomBuild Include="..\main\ui\ingame_options.menu">
      <Filter>main\ui</Filter>
    </CustomBuild>
    <CustomBuild Include="..\main\ui\ingame_orders.menu">
      <Filter>main\ui</Filter>
    </CustomBuild>
    <CustomBuild Include="..\main\ui\ingame_player.menu">
      <Filter>main\ui</Filter>
    </CustomBuild>
    <CustomBuild Include="..\main\ui\ingame_system.menu">
      <Filter>main\ui</Filter>
    </CustomBuild>
    <CustomBuild Include="..\main\ui\ingame_vote.menu">
      <Filter>main\ui</Filter>
    </CustomBuild>
    <CustomBuild Include="..\main\ui\joinserver.menu">
      <Filter>main\ui</Filter>
    </CustomBuild>
    <CustomBuild Include="..\main\ui\load.menu">
      <Filter>main\ui</Filter>
    </CustomBuild>
    <CustomBuild Include="..\main\ui\main.menu">
      <Filter>main\ui</Filter>
    </CustomBuild>
    <CustomBuild Include="..\main\ui\menus.txt">
      <Filter>main\ui</Filter>
    </CustomBuild>
    <CustomBuild Include="..\main\ui\min_hud.menu">
      <Filter>main\ui</Filter>
    </CustomBuild>
    <CustomBuild Include="..\main\ui\mod.menu">
      <Filter>main\ui</Filter>
    </CustomBuild>
    <CustomBuild Include="..\main\ui\multiplayer.menu">
      <Filter>main\ui</Filter>
    </CustomBuild>
    <CustomBuild Include="..\main\ui\notebook.menu">
      <Filter>main\ui</Filter>
    </CustomBuild>
    <CustomBuild Include="..\main\ui\options.menu">
      <Filter>main\ui</Filter>
    </CustomBuild>
    <CustomBuild Include="..\main\ui\ordershelp.menu">
      <Filter>main\ui</Filter>
    </CustomBuild>
    <CustomBuild Include="..\main\ui\password.menu">
      <Filter>main\ui</Filter>
    </CustomBuild>
    <CustomBuild Include="..\main\ui\play.menu">
      <Filter>main\ui</Filter>
    </CustomBuild>
    <CustomBuild Include="..\main\ui\player.menu">
      <Filter>main\ui</Filter>
    </CustomBuild>
    <CustomBuild Include="..\main\ui\powerup.menu">
      <Filter>main\ui</Filter>
    </CustomBuild>
    <CustomBuild Include="..\main\ui\quit.menu">
      <Filter>main\ui</Filter>
    </CustomBuild>
    <CustomBuild Include="..\main\ui\quitcredit.menu">
      <Filter>main\ui</Filter>
    </CustomBuild>
    <CustomBuild Include="..\main\ui\resetscore.menu">
      <Filter>main\ui</Filter>
    </CustomBuild>
    <CustomBuild Include="..\main\ui\score.menu">
      <Filter>main\ui</Filter>
    </CustomBuild>
    <CustomBuild Include="..\main\ui\serverinfo.menu">
      <Filter>main\ui</Filter>
    </CustomBuild>
    <CustomBuild Include="..\main\ui\setup.menu">
      <Filter>main\ui</Filter>
    </CustomBuild>
    <CustomBuild Include="..\main\ui\skirmish.menu">
      <Filter>main\ui</Filter>
    </CustomBuild>
    <CustomBuild Include="..\main\ui\system.menu">
      <Filter>main\ui</Filter>
    </CustomBuild>
    <CustomBuild Include="..\main\ui\teamscore.menu">
      <Filter>main\ui</Filter>
    </CustomBuild>
    <CustomBuild Include="..\main\ui\vid_restart.menu">
      <Filter>main\ui</Filter>
    </CustomBuild>
    <CustomBuild Include="..\main\ui\wm_limbo.menu">
      <Filter>main\ui</Filter>
    </CustomBuild>
    <CustomBuild Include="..\main\ui\wm_pickplayer.menu">
      <Filter>main\ui</Filter>
    </CustomBuild>
    <CustomBuild Include="..\main\ui\wm_pickteam.menu">
      <Filter>main\ui</Filter>
    </CustomBuild>
    <CustomBuild Include="..\main\ui\wm_quickmessage.menu">
      <Filter>main\ui</Filter>
    </CustomBuild>
    <CustomBuild Include="..\main\scripts\ai.shader">
      <Filter>main\scripts</Filter>
    </CustomBuild>
    <CustomBuild Include="..\main\scripts\alpha.shader">
      <Filter>main\scripts</Filter>
    </CustomBuild>
    <CustomBuild Include="..\main\scripts\blacksmokeanim.shader">
      <Filter>main\scripts</Filter>
    </CustomBuild>
    <CustomBuild Include="..\main\scripts\blacksmokeanimb.shader">
      <Filter>main\scripts</Filter>
    </CustomBuild>
    <CustomBuild Include="..\main\scripts\clipboard.shader">
      <Filter>main\scripts</Filter>
    </CustomBuild>
    <CustomBuild Include="..\main\scripts\common.shader">
      <Filter>main\scripts</Filter>
    </CustomBuild>
    <CustomBuild Include="..\main\scripts\cursorhints.shader">
      <Filter>main\scripts</Filter>
    </CustomBuild>
    <CustomBuild Include="..\main\scripts\decals.shader">
      <Filter>main\scripts</Filter>
    </CustomBuild>
    <CustomBuild Include="..\main\scripts\eerie.shader">
      <Filter>main\scripts</Filter>
    </CustomBuild>
    <CustomBuild Include="..\main\scripts\expblue.shader">
      <Filter>main\scripts</Filter>
    </CustomBuild>
    <CustomBuild Include="..\main\scripts\explode1.shader">
      <Filter>main\scripts</Filter>
    </CustomBuild>
    <CustomBuild Include="..\main\scripts\fijets.shader">
      <Filter>main\scripts</Filter>
    </CustomBuild>
    <CustomBuild Include="..\main\scripts\firest.shader">
      <Filter>main\scripts</Filter>
    </CustomBuild>
    <CustomBuild Include="..\main\scripts\flamethrower.shader">
      <Filter>main\scripts</Filter>
    </CustomBuild>
    <CustomBuild Include="..\main\scripts\funnel.shader">
      <Filter>main\scripts</Filter>
    </CustomBuild>
    <CustomBuild Include="..\main\scripts\gfx.shader">
      <Filter>main\scripts</Filter>
    </CustomBuild>
    <CustomBuild Include="..\main\scripts\heat.shader">
      <Filter>main\scripts</Filter>
    </CustomBuild>
    <CustomBuild Include="..\main\scripts\lights.shader">
      <Filter>main\scripts</Filter>
    </CustomBuild>
    <CustomBuild Include="..\main\scripts\liquid.shader">
      <Filter>main\scripts</Filter>
    </CustomBuild>
    <CustomBuild Include="..\main\scripts\maxx.shader">
      <Filter>main\scripts</Filter>
    </CustomBuild>
    <CustomBuild Include="..\main\scripts\menu.shader">
      <Filter>main\scripts</Filter>
    </CustomBuild>
    <CustomBuild Include="..\main\scripts\metal.shader">
      <Filter>main\scripts</Filter>
    </CustomBuild>
    <CustomBuild Include="..\main\scripts\models.shader">
      <Filter>main\scripts</Filter>
    </CustomBuild>
    <CustomBuild Include="..\main\scripts\netest.shader">
      <Filter>main\scripts</Filter>
    </CustomBuild>
    <CustomBuild Include="..\main\scripts\oldwolf.shader">
      <Filter>main\scripts</Filter>
    </CustomBuild>
    <CustomBuild Include="..\main\scripts\organics.shader">
      <Filter>main\scripts</Filter>
    </CustomBuild>
    <CustomBuild Include="..\main\scripts\particle.shader">
      <Filter>main\scripts</Filter>
    </CustomBuild>
    <CustomBuild Include="..\main\scripts\q3view.shader">
      <Filter>main\scripts</Filter>
    </CustomBuild>
    <CustomBuild Include="..\main\scripts\sfx.shader">
      <Filter>main\scripts</Filter>
    </CustomBuild>
    <CustomBuild Include="..\main\scripts\skin.shader">
      <Filter>main\scripts</Filter>
    </CustomBuild>
    <CustomBuild Include="..\main\scripts\sky.shader">
      <Filter>main\scripts</Filter>
    </CustomBuild>
    <CustomBuild Include="..\main\scripts\solo.shader">
      <Filter>main\scripts</Filter>
    </CustomBuild>
    <CustomBuild Include="..\main\scripts\terrain.shader">
      <Filter>main\scripts</Filter>
    </CustomBuild>
    <CustomBuild Include="..\main\scripts\test.shader">
      <Filter>main\scripts</Filter>
    </CustomBuild>
    <CustomBuild Include="..\main\scripts\twiltb.shader">
      <Filter>main\scripts</Filter>
    </CustomBuild>
    <CustomBuild Include="..\main\scripts\twiltb2.shader">
      <Filter>main\scripts</Filter>
    </CustomBuild>
    <CustomBuild Include="..\main\scripts\ui.shader">
      <Filter>main\scripts</Filter>
    </CustomBuild>
    <CustomBuild Include="..\main\scripts\ui_hud.shader">
      <Filter>main\scripts</Filter>
    </CustomBuild>
    <CustomBuild Include="..\main\scripts\ui_kc.shader">
      <Filter>main\scripts</Filter>
    </CustomBuild>
    <CustomBuild Include="..\main\scripts\ui_notebook.shader">
      <Filter>main\scripts</Filter>
    </CustomBuild>
    <CustomBuild Include="..\main\scripts\viewflames.shader">
      <Filter>main\scripts</Filter>
    </CustomBuild>
    <CustomBuild Include="..\main\scripts\walls.shader">
      <Filter>main\scripts</Filter>
    </CustomBuild>
    <CustomBuild Include="..\main\scripts\z_light.shader">
      <Filter>main\scripts</Filter>
    </CustomBuild>
  </ItemGroup>
</Project>